
Microsoft Visual Studio Solution File, Format Version 12.00
# Visual Studio Version 17
VisualStudioVersion = 17.6.33829.357
MinimumVisualStudioVersion = 10.0.40219.1
Project("{8BC9CEB8-8B4A-11D0-8D11-00A0C91BC942}") = "hyper", "hyper.vcxproj", "{0187ACD5-0072-43B4-B01B-8CB042E9FB20}"
EndProject
Global
	GlobalSection(SolutionConfigurationPlatforms) = preSolution
		Debug|x64 = Debug|x64
		Debug|x86 = Debug|x86
		Release|x64 = Release|x64
		Release|x86 = Release|x86
	EndGlobalSection
	GlobalSection(ProjectConfigurationPlatforms) = postSolution
		{0187ACD5-0072-43B4-B01B-8CB042E9FB20}.Debug|x64.ActiveCfg = Debug|x64
		{0187ACD5-0072-43B4-B01B-8CB042E9FB20}.Debug|x64.Build.0 = Debug|x64
		{0187ACD5-0072-43B4-B01B-8CB042E9FB20}.Debug|x86.ActiveCfg = Debug|Win32
		{0187ACD5-0072-43B4-B01B-8CB042E9FB20}.Debug|x86.Build.0 = Debug|Win32
		{0187ACD5-0072-43B4-B01B-8CB042E9FB20}.Release|x64.ActiveCfg = Release|x64
		{0187ACD5-0072-43B4-B01B-8CB042E9FB20}.Release|x64.Build.0 = Release|x64
		{0187ACD5-0072-43B4-B01B-8CB042E9FB20}.Release|x86.ActiveCfg = Release|Win32
		{0187ACD5-0072-43B4-B01B-8CB042E9FB20}.Release|x86.Build.0 = Release|Win32
	EndGlobalSection
	GlobalSection(SolutionProperties) = preSolution
		HideSolutionNode = FALSE
	EndGlobalSection
	GlobalSection(ExtensibilityGlobals) = postSolution
		SolutionGuid = {5CA023E5-02CB-47E7-A346-7A28039C4290}
	EndGlobalSection
EndGlobal
